PODS:
  - Flutter (1.0.0)
  - permission_handler_apple (9.1.1):
    - Flutter
  - speech_xf (0.0.1):
    - Flutter

DEPENDENCIES:
  - Flutter (from `Flutter`)
  - permission_handler_apple (from `.symlinks/plugins/permission_handler_apple/ios`)
  - speech_xf (from `.symlinks/plugins/speech_xf/ios`)

EXTERNAL SOURCES:
  Flutter:
    :path: Flutter
  permission_handler_apple:
    :path: ".symlinks/plugins/permission_handler_apple/ios"
  speech_xf:
    :path: ".symlinks/plugins/speech_xf/ios"

SPEC CHECKSUMS:
  Flutter: f04841e97a9d0b0a8025694d0796dd46242b2854
  permission_handler_apple: e76247795d700c14ea09e3a2d8855d41ee80a2e6
  speech_xf: 673f67001ea3a1ee6170ae00db363982ce48ccc0

PODFILE CHECKSUM: b2ceb5b4df810366020240bb04e7a2686636b7f1

COCOAPODS: 1.13.0
